
Microsoft Visual Studio Solution File, Format Version 12.00
# Visual Studio Version 17
VisualStudioVersion = 17.0.31717.71
MinimumVisualStudioVersion = 10.0.40219.1
Project("{9A19103F-16F7-4668-BE54-9A1E7A4F7556}") = "Portfolio", "Portfolio.csproj", "{08AD9E14-5568-4A72-9062-D1DAC3E5A3BD}"
EndProject
Global
	GlobalSection(SolutionConfigurationPlatforms) = preSolution
		Debug|Any CPU = Debug|Any CPU
		Release|Any CPU = Release|Any CPU
	EndGlobalSection
	GlobalSection(ProjectConfigurationPlatforms) = postSolution
		{08AD9E14-5568-4A72-9062-D1DAC3E5A3BD}.Debug|Any CPU.ActiveCfg = Debug|Any CPU
		{08AD9E14-5568-4A72-9062-D1DAC3E5A3BD}.Debug|Any CPU.Build.0 = Debug|Any CPU
		{08AD9E14-5568-4A72-9062-D1DAC3E5A3BD}.Release|Any CPU.ActiveCfg = Release|Any CPU
		{08AD9E14-5568-4A72-9062-D1DAC3E5A3BD}.Release|Any CPU.Build.0 = Release|Any CPU
	EndGlobalSection
	GlobalSection(SolutionProperties) = preSolution
		HideSolutionNode = FALSE
	EndGlobalSection
	GlobalSection(ExtensibilityGlobals) = postSolution
		SolutionGuid = {05304654-D301-40BC-BCBC-2156442FB79F}
	EndGlobalSection
EndGlobal